// !$*UTF8*$!
{
	archiveVersion = 1;
	classes = {
	};
	objectVersion = 55;
	objects = {

/* Begin PBXBuildFile section */
		BCBDFCD02859916400124B21 /* TheDailyApp.swift in Sources */ = {isa = PBXBuildFile; fileRef = BCBDFCCF2859916400124B21 /* TheDailyApp.swift */; };
		BCBDFCD22859916400124B21 /* ContentView.swift in Sources */ = {isa = PBXBuildFile; fileRef = BCBDFCD12859916400124B21 /* ContentView.swift */; };
		BCBDFCD42859916500124B21 /* Assets.xcassets in Resources */ = {isa = PBXBuildFile; fileRef = BCBDFCD32859916500124B21 /* Assets.xcassets */; };
		BCBDFCD72859916500124B21 /* Preview Assets.xcassets in Resources */ = {isa = PBXBuildFile; fileRef = BCBDFCD62859916500124B21 /* Preview Assets.xcassets */; };
		BCBDFCE12859916500124B21 /* TheDailyTests.swift in Sources */ = {isa = PBXBuildFile; fileRef = BCBDFCE02859916500124B21 /* TheDailyTests.swift */; };
		BCBDFCEB2859916500124B21 /* TheDailyUITests.swift in Sources */ = {isa = PBXBuildFile; fileRef = BCBDFCEA2859916500124B21 /* TheDailyUITests.swift */; };
		BCBDFCED2859916500124B21 /* TheDailyUITestsLaunchTests.swift in Sources */ = {isa = PBXBuildFile; fileRef = BCBDFCEC2859916500124B21 /* TheDailyUITestsLaunchTests.swift */; };
		BCBDFCFD285A485D00124B21 /* Launch Screen.storyboard in Resources */ = {isa = PBXBuildFile; fileRef = BCBDFCFC285A485D00124B21 /* Launch Screen.storyboard */; };
		BCBDFD01285A58D900124B21 /* Extensions.swift in Sources */ = {isa = PBXBuildFile; fileRef = BCBDFD00285A58D900124B21 /* Extensions.swift */; };
/* End PBXBuildFile section */

/* Begin PBXContainerItemProxy section */
		BCBDFCDD2859916500124B21 /* PBXContainerItemProxy */ = {
			isa = PBXContainerItemProxy;
			containerPortal = BCBDFCC42859916400124B21 /* Project object */;
			proxyType = 1;
			remoteGlobalIDString = BCBDFCCB2859916400124B21;
			remoteInfo = TheDaily;
		};
		BCBDFCE72859916500124B21 /* PBXContainerItemProxy */ = {
			isa = PBXContainerItemProxy;
			containerPortal = BCBDFCC42859916400124B21 /* Project object */;
			proxyType = 1;
			remoteGlobalIDString = BCBDFCCB2859916400124B21;
			remoteInfo = TheDaily;
		};
/* End PBXContainerItemProxy section */

/* Begin PBXFileReference section */
		BCBDFCCC2859916400124B21 /* TheDaily.app */ = {isa = PBXFileReference; explicitFileType = wrapper.application; includeInIndex = 0; path = TheDaily.app; sourceTree = BUILT_PRODUCTS_DIR; };
		BCBDFCCF2859916400124B21 /* TheDailyApp.swift */ = {isa = PBXFileReference; lastKnownFileType = sourcecode.swift; path = TheDailyApp.swift; sourceTree = "<group>"; };
		BCBDFCD12859916400124B21 /* ContentView.swift */ = {isa = PBXFileReference; lastKnownFileType = sourcecode.swift; path = ContentView.swift; sourceTree = "<group>"; };
		BCBDFCD32859916500124B21 /* Assets.xcassets */ = {isa = PBXFileReference; lastKnownFileType = folder.assetcatalog; path = Assets.xcassets; sourceTree = "<group>"; };
		BCBDFCD62859916500124B21 /* Preview Assets.xcassets */ = {isa = PBXFileReference; lastKnownFileType = folder.assetcatalog; path = "Preview Assets.xcassets"; sourceTree = "<group>"; };
		BCBDFCDC2859916500124B21 /* TheDailyTests.xctest */ = {isa = PBXFileReference; explicitFileType = wrapper.cfbundle; includeInIndex = 0; path = TheDailyTests.xctest; sourceTree = BUILT_PRODUCTS_DIR; };
		BCBDFCE02859916500124B21 /* TheDailyTests.swift */ = {isa = PBXFileReference; lastKnownFileType = sourcecode.swift; path = TheDailyTests.swift; sourceTree = "<group>"; };
		BCBDFCE62859916500124B21 /* TheDailyUITests.xctest */ = {isa = PBXFileReference; explicitFileType = wrapper.cfbundle; includeInIndex = 0; path = TheDailyUITests.xctest; sourceTree = BUILT_PRODUCTS_DIR; };
		BCBDFCEA2859916500124B21 /* TheDailyUITests.swift */ = {isa = PBXFileReference; lastKnownFileType = sourcecode.swift; path = TheDailyUITests.swift; sourceTree = "<group>"; };
		BCBDFCEC2859916500124B21 /* TheDailyUITestsLaunchTests.swift */ = {isa = PBXFileReference; lastKnownFileType = sourcecode.swift; path = TheDailyUITestsLaunchTests.swift; sourceTree = "<group>"; };
		BCBDFCFC285A485D00124B21 /* Launch Screen.storyboard */ = {isa = PBXFileReference; lastKnownFileType = file.storyboard; path = "Launch Screen.storyboard"; sourceTree = "<group>"; };
		BCBDFD00285A58D900124B21 /* Extensions.swift */ = {isa = PBXFileReference; lastKnownFileType = sourcecode.swift; path = Extensions.swift; sourceTree = "<group>"; };
/* End PBXFileReference section */

/* Begin PBXFrameworksBuildPhase section */
		BCBDFCC92859916400124B21 /* Frameworks */ = {
			isa = PBXFrameworksBuildPhase;
			buildActionMask = 2147483647;
			files = (
			);
			runOnlyForDeploymentPostprocessing = 0;
		};
		BCBDFCD92859916500124B21 /* Frameworks */ = {
			isa = PBXFrameworksBuildPhase;
			buildActionMask = 2147483647;
			files = (
			);
			runOnlyForDeploymentPostprocessing = 0;
		};
		BCBDFCE32859916500124B21 /* Frameworks */ = {
			isa = PBXFrameworksBuildPhase;
			buildActionMask = 2147483647;
			files = (
			);
			runOnlyForDeploymentPostprocessing = 0;
		};
/* End PBXFrameworksBuildPhase section */

/* Begin PBXGroup section */
		BCBDFCC32859916400124B21 = {
			isa = PBXGroup;
			children = (
				BCBDFCCE2859916400124B21 /* TheDaily */,
				BCBDFCDF2859916500124B21 /* TheDailyTests */,
				BCBDFCE92859916500124B21 /* TheDailyUITests */,
				BCBDFCCD2859916400124B21 /* Products */,
			);
			sourceTree = "<group>";
		};
		BCBDFCCD2859916400124B21 /* Products */ = {
			isa = PBXGroup;
			children = (
				BCBDFCCC2859916400124B21 /* TheDaily.app */,
				BCBDFCDC2859916500124B21 /* TheDailyTests.xctest */,
				BCBDFCE62859916500124B21 /* TheDailyUITests.xctest */,
			);
			name = Products;
			sourceTree = "<group>";
		};
		BCBDFCCE2859916400124B21 /* TheDaily */ = {
			isa = PBXGroup;
			children = (
				BCBDFCFF285A58BA00124B21 /* Helpers */,
				BCBDFCFE285A4B1D00124B21 /* Subviews */,
				BCBDFCFB285997F700124B21 /* Models */,
				BCBDFCF9285997C800124B21 /* Views */,
				BCBDFCFA285997D900124B21 /* Screens */,
				BCBDFCD32859916500124B21 /* Assets.xcassets */,
				BCBDFCD52859916500124B21 /* Preview Content */,
				BCBDFCFC285A485D00124B21 /* Launch Screen.storyboard */,
			);
			path = TheDaily;
			sourceTree = "<group>";
		};
		BCBDFCD52859916500124B21 /* Preview Content */ = {
			isa = PBXGroup;
			children = (
				BCBDFCD62859916500124B21 /* Preview Assets.xcassets */,
			);
			path = "Preview Content";
			sourceTree = "<group>";
		};
		BCBDFCDF2859916500124B21 /* TheDailyTests */ = {
			isa = PBXGroup;
			children = (
				BCBDFCE02859916500124B21 /* TheDailyTests.swift */,
			);
			path = TheDailyTests;
			sourceTree = "<group>";
		};
		BCBDFCE92859916500124B21 /* TheDailyUITests */ = {
			isa = PBXGroup;
			children = (
				BCBDFCEA2859916500124B21 /* TheDailyUITests.swift */,
				BCBDFCEC2859916500124B21 /* TheDailyUITestsLaunchTests.swift */,
			);
			path = TheDailyUITests;
			sourceTree = "<group>";
		};
		BCBDFCF9285997C800124B21 /* Views */ = {
			isa = PBXGroup;
			children = (
			);
			path = Views;
			sourceTree = "<group>";
		};
		BCBDFCFA285997D900124B21 /* Screens */ = {
			isa = PBXGroup;
			children = (
				BCBDFCCF2859916400124B21 /* TheDailyApp.swift */,
				BCBDFCD12859916400124B21 /* ContentView.swift */,
			);
			path = Screens;
			sourceTree = "<group>";
		};
		BCBDFCFB285997F700124B21 /* Models */ = {
			isa = PBXGroup;
			children = (
			);
			path = Models;
			sourceTree = "<group>";
		};
		BCBDFCFE285A4B1D00124B21 /* Subviews */ = {
			isa = PBXGroup;
			children = (
			);
			path = Subviews;
			sourceTree = "<group>";
		};
		BCBDFCFF285A58BA00124B21 /* Helpers */ = {
			isa = PBXGroup;
			children = (
				BCBDFD00285A58D900124B21 /* Extensions.swift */,
			);
			path = Helpers;
			sourceTree = "<group>";
		};
/* End PBXGroup section */

/* Begin PBXNativeTarget section */
		BCBDFCCB2859916400124B21 /* TheDaily */ = {
			isa = PBXNativeTarget;
			buildConfigurationList = BCBDFCF02859916500124B21 /* Build configuration list for PBXNativeTarget "TheDaily" */;
			buildPhases = (
				BCBDFCC82859916400124B21 /* Sources */,
				BCBDFCC92859916400124B21 /* Frameworks */,
				BCBDFCCA2859916400124B21 /* Resources */,
			);
			buildRules = (
			);
			dependencies = (
			);
			name = TheDaily;
			productName = TheDaily;
			productReference = BCBDFCCC2859916400124B21 /* TheDaily.app */;
			productType = "com.apple.product-type.application";
		};
		BCBDFCDB2859916500124B21 /* TheDailyTests */ = {
			isa = PBXNativeTarget;
			buildConfigurationList = BCBDFCF32859916500124B21 /* Build configuration list for PBXNativeTarget "TheDailyTests" */;
			buildPhases = (
				BCBDFCD82859916500124B21 /* Sources */,
				BCBDFCD92859916500124B21 /* Frameworks */,
				BCBDFCDA2859916500124B21 /* Resources */,
			);
			buildRules = (
			);
			dependencies = (
				BCBDFCDE2859916500124B21 /* PBXTargetDependency */,
			);
			name = TheDailyTests;
			productName = TheDailyTests;
			productReference = BCBDFCDC2859916500124B21 /* TheDailyTests.xctest */;
			productType = "com.apple.product-type.bundle.unit-test";
		};
		BCBDFCE52859916500124B21 /* TheDailyUITests */ = {
			isa = PBXNativeTarget;
			buildConfigurationList = BCBDFCF62859916500124B21 /* Build configuration list for PBXNativeTarget "TheDailyUITests" */;
			buildPhases = (
				BCBDFCE22859916500124B21 /* Sources */,
				BCBDFCE32859916500124B21 /* Frameworks */,
				BCBDFCE42859916500124B21 /* Resources */,
			);
			buildRules = (
			);
			dependencies = (
				BCBDFCE82859916500124B21 /* PBXTargetDependency */,
			);
			name = TheDailyUITests;
			productName = TheDailyUITests;
			productReference = BCBDFCE62859916500124B21 /* TheDailyUITests.xctest */;
			productType = "com.apple.product-type.bundle.ui-testing";
		};
/* End PBXNativeTarget section */

/* Begin PBXProject section */
		BCBDFCC42859916400124B21 /* Project object */ = {
			isa = PBXProject;
			attributes = {
				BuildIndependentTargetsInParallel = 1;
				LastSwiftUpdateCheck = 1340;
				LastUpgradeCheck = 1340;
				TargetAttributes = {
					BCBDFCCB2859916400124B21 = {
						CreatedOnToolsVersion = 13.4.1;
					};
					BCBDFCDB2859916500124B21 = {
						CreatedOnToolsVersion = 13.4.1;
						TestTargetID = BCBDFCCB2859916400124B21;
					};
					BCBDFCE52859916500124B21 = {
						CreatedOnToolsVersion = 13.4.1;
						TestTargetID = BCBDFCCB2859916400124B21;
					};
				};
			};
			buildConfigurationList = BCBDFCC72859916400124B21 /* Build configuration list for PBXProject "TheDaily" */;
			compatibilityVersion = "Xcode 13.0";
			developmentRegion = en;
			hasScannedForEncodings = 0;
			knownRegions = (
				en,
				Base,
			);
			mainGroup = BCBDFCC32859916400124B21;
			productRefGroup = BCBDFCCD2859916400124B21 /* Products */;
			projectDirPath = "";
			projectRoot = "";
			targets = (
				BCBDFCCB2859916400124B21 /* TheDaily */,
				BCBDFCDB2859916500124B21 /* TheDailyTests */,
				BCBDFCE52859916500124B21 /* TheDailyUITests */,
			);
		};
/* End PBXProject section */

/* Begin PBXResourcesBuildPhase section */
		BCBDFCCA2859916400124B21 /* Resources */ = {
			isa = PBXResourcesBuildPhase;
			buildActionMask = 2147483647;
			files = (
				BCBDFCFD285A485D00124B21 /* Launch Screen.storyboard in Resources */,
				BCBDFCD72859916500124B21 /* Preview Assets.xcassets in Resources */,
				BCBDFCD42859916500124B21 /* Assets.xcassets in Resources */,
			);
			runOnlyForDeploymentPostprocessing = 0;
		};
		BCBDFCDA2859916500124B21 /* Resources */ = {
			isa = PBXResourcesBuildPhase;
			buildActionMask = 2147483647;
			files = (
			);
			runOnlyForDeploymentPostprocessing = 0;
		};
		BCBDFCE42859916500124B21 /* Resources */ = {
			isa = PBXResourcesBuildPhase;
			buildActionMask = 2147483647;
			files = (
			);
			runOnlyForDeploymentPostprocessing = 0;
		};
/* End PBXResourcesBuildPhase section */

/* Begin PBXSourcesBuildPhase section */
		BCBDFCC82859916400124B21 /* Sources */ = {
			isa = PBXSourcesBuildPhase;
			buildActionMask = 2147483647;
			files = (
				BCBDFCD22859916400124B21 /* ContentView.swift in Sources */,
				BCBDFD01285A58D900124B21 /* Extensions.swift in Sources */,
				BCBDFCD02859916400124B21 /* TheDailyApp.swift in Sources */,
			);
			runOnlyForDeploymentPostprocessing = 0;
		};
		BCBDFCD82859916500124B21 /* Sources */ = {
			isa = PBXSourcesBuildPhase;
			buildActionMask = 2147483647;
			files = (
				BCBDFCE12859916500124B21 /* TheDailyTests.swift in Sources */,
			);
			runOnlyForDeploymentPostprocessing = 0;
		};
		BCBDFCE22859916500124B21 /* Sources */ = {
			isa = PBXSourcesBuildPhase;
			buildActionMask = 2147483647;
			files = (
				BCBDFCED2859916500124B21 /* TheDailyUITestsLaunchTests.swift in Sources */,
				BCBDFCEB2859916500124B21 /* TheDailyUITests.swift in Sources */,
			);
			runOnlyForDeploymentPostprocessing = 0;
		};
/* End PBXSourcesBuildPhase section */

/* Begin PBXTargetDependency section */
		BCBDFCDE2859916500124B21 /* PBXTargetDependency */ = {
			isa = PBXTargetDependency;
			target = BCBDFCCB2859916400124B21 /* TheDaily */;
			targetProxy = BCBDFCDD2859916500124B21 /* PBXContainerItemProxy */;
		};
		BCBDFCE82859916500124B21 /* PBXTargetDependency */ = {
			isa = PBXTargetDependency;
			target = BCBDFCCB2859916400124B21 /* TheDaily */;
			targetProxy = BCBDFCE72859916500124B21 /* PBXContainerItemProxy */;
		};
/* End PBXTargetDependency section */

/* Begin XCBuildConfiguration section */
		BCBDFCEE2859916500124B21 /* Debug */ = {
			isa = XCBuildConfiguration;
			buildSettings = {
				ALWAYS_SEARCH_USER_PATHS = NO;
				CLANG_ANALYZER_NONNULL = YES;
				CLANG_ANALYZER_NUMBER_OBJECT_CONVERSION = YES_AGGRESSIVE;
				CLANG_CXX_LANGUAGE_STANDARD = "gnu++17";
				CLANG_ENABLE_MODULES = YES;
				CLANG_ENABLE_OBJC_ARC = YES;
				CLANG_ENABLE_OBJC_WEAK = YES;
				CLANG_WARN_BLOCK_CAPTURE_AUTORELEASING = YES;
				CLANG_WARN_BOOL_CONVERSION = YES;
				CLANG_WARN_COMMA = YES;
				CLANG_WARN_CONSTANT_CONVERSION = YES;
				CLANG_WARN_DEPRECATED_OBJC_IMPLEMENTATIONS = YES;
				CLANG_WARN_DIRECT_OBJC_ISA_USAGE = YES_ERROR;
				CLANG_WARN_DOCUMENTATION_COMMENTS = YES;
				CLANG_WARN_EMPTY_BODY = YES;
				CLANG_WARN_ENUM_CONVERSION = YES;
				CLANG_WARN_INFINITE_RECURSION = YES;
				CLANG_WARN_INT_CONVERSION = YES;
				CLANG_WARN_NON_LITERAL_NULL_CONVERSION = YES;
				CLANG_WARN_OBJC_IMPLICIT_RETAIN_SELF = YES;
				CLANG_WARN_OBJC_LITERAL_CONVERSION = YES;
				CLANG_WARN_OBJC_ROOT_CLASS = YES_ERROR;
				CLANG_WARN_QUOTED_INCLUDE_IN_FRAMEWORK_HEADER = YES;
				CLANG_WARN_RANGE_LOOP_ANALYSIS = YES;
				CLANG_WARN_STRICT_PROTOTYPES = YES;
				CLANG_WARN_SUSPICIOUS_MOVE = YES;
				CLANG_WARN_UNGUARDED_AVAILABILITY = YES_AGGRESSIVE;
				CLANG_WARN_UNREACHABLE_CODE = YES;
				CLANG_WARN__DUPLICATE_METHOD_MATCH = YES;
				COPY_PHASE_STRIP = NO;
				DEBUG_INFORMATION_FORMAT = dwarf;
				ENABLE_STRICT_OBJC_MSGSEND = YES;
				ENABLE_TESTABILITY = YES;
				GCC_C_LANGUAGE_STANDARD = gnu11;
				GCC_DYNAMIC_NO_PIC = NO;
				GCC_NO_COMMON_BLOCKS = YES;
				GCC_OPTIMIZATION_LEVEL = 0;
				GCC_PREPROCESSOR_DEFINITIONS = (
					"DEBUG=1",
					"$(inherited)",
				);
				GCC_WARN_64_TO_32_BIT_CONVERSION = YES;
				GCC_WARN_ABOUT_RETURN_TYPE = YES_ERROR;
				GCC_WARN_UNDECLARED_SELECTOR = YES;
				GCC_WARN_UNINITIALIZED_AUTOS = YES_AGGRESSIVE;
				GCC_WARN_UNUSED_FUNCTION = YES;
				GCC_WARN_UNUSED_VARIABLE = YES;
				IPHONEOS_DEPLOYMENT_TARGET = 15.5;
				MTL_ENABLE_DEBUG_INFO = INCLUDE_SOURCE;
				MTL_FAST_MATH = YES;
				ONLY_ACTIVE_ARCH = YES;
				SDKROOT = iphoneos;
				SWIFT_ACTIVE_COMPILATION_CONDITIONS = DEBUG;
				SWIFT_OPTIMIZATION_LEVEL = "-Onone";
			};
			name = Debug;
		};
		BCBDFCEF2859916500124B21 /* Release */ = {
			isa = XCBuildConfiguration;
			buildSettings = {
				ALWAYS_SEARCH_USER_PATHS = NO;
				CLANG_ANALYZER_NONNULL = YES;
				CLANG_ANALYZER_NUMBER_OBJECT_CONVERSION = YES_AGGRESSIVE;
				CLANG_CXX_LANGUAGE_STANDARD = "gnu++17";
				CLANG_ENABLE_MODULES = YES;
				CLANG_ENABLE_OBJC_ARC = YES;
				CLANG_ENABLE_OBJC_WEAK = YES;
				CLANG_WARN_BLOCK_CAPTURE_AUTORELEASING = YES;
				CLANG_WARN_BOOL_CONVERSION = YES;
				CLANG_WARN_COMMA = YES;
				CLANG_WARN_CONSTANT_CONVERSION = YES;
				CLANG_WARN_DEPRECATED_OBJC_IMPLEMENTATIONS = YES;
				CLANG_WARN_DIRECT_OBJC_ISA_USAGE = YES_ERROR;
				CLANG_WARN_DOCUMENTATION_COMMENTS = YES;
				CLANG_WARN_EMPTY_BODY = YES;
				CLANG_WARN_ENUM_CONVERSION = YES;
				CLANG_WARN_INFINITE_RECURSION = YES;
				CLANG_WARN_INT_CONVERSION = YES;
				CLANG_WARN_NON_LITERAL_NULL_CONVERSION = YES;
				CLANG_WARN_OBJC_IMPLICIT_RETAIN_SELF = YES;
				CLANG_WARN_OBJC_LITERAL_CONVERSION = YES;
				CLANG_WARN_OBJC_ROOT_CLASS = YES_ERROR;
				CLANG_WARN_QUOTED_INCLUDE_IN_FRAMEWORK_HEADER = YES;
				CLANG_WARN_RANGE_LOOP_ANALYSIS = YES;
				CLANG_WARN_STRICT_PROTOTYPES = YES;
				CLANG_WARN_SUSPICIOUS_MOVE = YES;
				CLANG_WARN_UNGUARDED_AVAILABILITY = YES_AGGRESSIVE;
				CLANG_WARN_UNREACHABLE_CODE = YES;
				CLANG_WARN__DUPLICATE_METHOD_MATCH = YES;
				COPY_PHASE_STRIP = NO;
				DEBUG_INFORMATION_FORMAT = "dwarf-with-dsym";
				ENABLE_NS_ASSERTIONS = NO;
				ENABLE_STRICT_OBJC_MSGSEND = YES;
				GCC_C_LANGUAGE_STANDARD = gnu11;
				GCC_NO_COMMON_BLOCKS = YES;
				GCC_WARN_64_TO_32_BIT_CONVERSION = YES;
				GCC_WARN_ABOUT_RETURN_TYPE = YES_ERROR;
				GCC_WARN_UNDECLARED_SELECTOR = YES;
				GCC_WARN_UNINITIALIZED_AUTOS = YES_AGGRESSIVE;
				GCC_WARN_UNUSED_FUNCTION = YES;
				GCC_WARN_UNUSED_VARIABLE = YES;
				IPHONEOS_DEPLOYMENT_TARGET = 15.5;
				MTL_ENABLE_DEBUG_INFO = NO;
				MTL_FAST_MATH = YES;
				SDKROOT = iphoneos;
				SWIFT_COMPILATION_MODE = wholemodule;
				SWIFT_OPTIMIZATION_LEVEL = "-O";
				VALIDATE_PRODUCT = YES;
			};
			name = Release;
		};
		BCBDFCF12859916500124B21 /* Debug */ = {
			isa = XCBuildConfiguration;
			buildSettings = {
				ASSETCATALOG_COMPILER_APPICON_NAME = AppIcon;
				ASSETCATALOG_COMPILER_GLOBAL_ACCENT_COLOR_NAME = AccentColor;
				ASSETCATALOG_COMPILER_INCLUDE_ALL_APPICON_ASSETS = YES;
				CODE_SIGN_STYLE = Automatic;
				CURRENT_PROJECT_VERSION = 1;
				DEVELOPMENT_ASSET_PATHS = "\"TheDaily/Preview Content\"";
				DEVELOPMENT_TEAM = W59W3QVKXJ;
				ENABLE_PREVIEWS = YES;
				GENERATE_INFOPLIST_FILE = YES;
				INFOPLIST_KEY_UIApplicationSceneManifest_Generation = YES;
				INFOPLIST_KEY_UIApplicationSupportsIndirectInputEvents = YES;
				INFOPLIST_KEY_UILaunchScreen_Generation = YES;
				INFOPLIST_KEY_UILaunchStoryboardName = "Launch Screen";
				INFOPLIST_KEY_UISupportedInterfaceOrientations = "UIInterfaceOrientationPortrait UIInterfaceOrientationPortraitUpsideDown";
				INFOPLIST_KEY_UISupportedInterfaceOrientations_iPad = "UIInterfaceOrientationPortrait UIInterfaceOrientationPortraitUpsideDown UIInterfaceOrientationLandscapeLeft UIInterfaceOrientationLandscapeRight";
				INFOPLIST_KEY_UISupportedInterfaceOrientations_iPhone = "UIInterfaceOrientationPortrait UIInterfaceOrientationLandscapeLeft UIInterfaceOrientationLandscapeRight";
				IPHONEOS_DEPLOYMENT_TARGET = 15.5;
				LD_RUNPATH_SEARCH_PATHS = (
					"$(inherited)",
					"@executable_path/Frameworks",
				);
				MARKETING_VERSION = 1.0;
				PRODUCT_BUNDLE_IDENTIFIER = com.sigmatech.TheDaily;
				PRODUCT_NAME = "$(TARGET_NAME)";
				SWIFT_EMIT_LOC_STRINGS = YES;
				SWIFT_VERSION = 5.0;
				TARGETED_DEVICE_FAMILY = 1;
			};
			name = Debug;
		};
		BCBDFCF22859916500124B21 /* Release */ = {
			isa = XCBuildConfiguration;
			buildSettings = {
				ASSETCATALOG_COMPILER_APPICON_NAME = AppIcon;
				ASSETCATALOG_COMPILER_GLOBAL_ACCENT_COLOR_NAME = AccentColor;
				ASSETCATALOG_COMPILER_INCLUDE_ALL_APPICON_ASSETS = YES;
				CODE_SIGN_STYLE = Automatic;
				CURRENT_PROJECT_VERSION = 1;
				DEVELOPMENT_ASSET_PATHS = "\"TheDaily/Preview Content\"";
				DEVELOPMENT_TEAM = W59W3QVKXJ;
				ENABLE_PREVIEWS = YES;
				GENERATE_INFOPLIST_FILE = YES;
				INFOPLIST_KEY_UIApplicationSceneManifest_Generation = YES;
				INFOPLIST_KEY_UIApplicationSupportsIndirectInputEvents = YES;
				INFOPLIST_KEY_UILaunchScreen_Generation = YES;
				INFOPLIST_KEY_UILaunchStoryboardName = "Launch Screen";
				INFOPLIST_KEY_UISupportedInterfaceOrientations = "UIInterfaceOrientationPortrait UIInterfaceOrientationPortraitUpsideDown";
				INFOPLIST_KEY_UISupportedInterfaceOrientations_iPad = "UIInterfaceOrientationPortrait UIInterfaceOrientationPortraitUpsideDown UIInterfaceOrientationLandscapeLeft UIInterfaceOrientationLandscapeRight";
				INFOPLIST_KEY_UISupportedInterfaceOrientations_iPhone = "UIInterfaceOrientationPortrait UIInterfaceOrientationLandscapeLeft UIInterfaceOrientationLandscapeRight";
				IPHONEOS_DEPLOYMENT_TARGET = 15.5;
				LD_RUNPATH_SEARCH_PATHS = (
					"$(inherited)",
					"@executable_path/Frameworks",
				);
				MARKETING_VERSION = 1.0;
				PRODUCT_BUNDLE_IDENTIFIER = com.sigmatech.TheDaily;
				PRODUCT_NAME = "$(TARGET_NAME)";
				SWIFT_EMIT_LOC_STRINGS = YES;
				SWIFT_VERSION = 5.0;
				TARGETED_DEVICE_FAMILY = 1;
			};
			name = Release;
		};
		BCBDFCF42859916500124B21 /* Debug */ = {
			isa = XCBuildConfiguration;
			buildSettings = {
				ALWAYS_EMBED_SWIFT_STANDARD_LIBRARIES = YES;
				BUNDLE_LOADER = "$(TEST_HOST)";
				CODE_SIGN_STYLE = Automatic;
				CURRENT_PROJECT_VERSION = 1;
				DEVELOPMENT_TEAM = W59W3QVKXJ;
				GENERATE_INFOPLIST_FILE = YES;
				IPHONEOS_DEPLOYMENT_TARGET = 15.5;
				MARKETING_VERSION = 1.0;
				PRODUCT_BUNDLE_IDENTIFIER = com.sigmatech.TheDailyTests;
				PRODUCT_NAME = "$(TARGET_NAME)";
				SWIFT_EMIT_LOC_STRINGS = NO;
				SWIFT_VERSION = 5.0;
				TARGETED_DEVICE_FAMILY = "1,2";
				TEST_HOST = "$(BUILT_PRODUCTS_DIR)/TheDaily.app/TheDaily";
			};
			name = Debug;
		};
		BCBDFCF52859916500124B21 /* Release */ = {
			isa = XCBuildConfiguration;
			buildSettings = {
				ALWAYS_EMBED_SWIFT_STANDARD_LIBRARIES = YES;
				BUNDLE_LOADER = "$(TEST_HOST)";
				CODE_SIGN_STYLE = Automatic;
				CURRENT_PROJECT_VERSION = 1;
				DEVELOPMENT_TEAM = W59W3QVKXJ;
				GENERATE_INFOPLIST_FILE = YES;
				IPHONEOS_DEPLOYMENT_TARGET = 15.5;
				MARKETING_VERSION = 1.0;
				PRODUCT_BUNDLE_IDENTIFIER = com.sigmatech.TheDailyTests;
				PRODUCT_NAME = "$(TARGET_NAME)";
				SWIFT_EMIT_LOC_STRINGS = NO;
				SWIFT_VERSION = 5.0;
				TARGETED_DEVICE_FAMILY = "1,2";
				TEST_HOST = "$(BUILT_PRODUCTS_DIR)/TheDaily.app/TheDaily";
			};
			name = Release;
		};
		BCBDFCF72859916500124B21 /* Debug */ = {
			isa = XCBuildConfiguration;
			buildSettings = {
				ALWAYS_EMBED_SWIFT_STANDARD_LIBRARIES = YES;
				CODE_SIGN_STYLE = Automatic;
				CURRENT_PROJECT_VERSION = 1;
				DEVELOPMENT_TEAM = W59W3QVKXJ;
				GENERATE_INFOPLIST_FILE = YES;
				MARKETING_VERSION = 1.0;
				PRODUCT_BUNDLE_IDENTIFIER = com.sigmatech.TheDailyUITests;
				PRODUCT_NAME = "$(TARGET_NAME)";
				SWIFT_EMIT_LOC_STRINGS = NO;
				SWIFT_VERSION = 5.0;
				TARGETED_DEVICE_FAMILY = "1,2";
				TEST_TARGET_NAME = TheDaily;
			};
			name = Debug;
		};
		BCBDFCF82859916500124B21 /* Release */ = {
			isa = XCBuildConfiguration;
			buildSettings = {
				ALWAYS_EMBED_SWIFT_STANDARD_LIBRARIES = YES;
				CODE_SIGN_STYLE = Automatic;
				CURRENT_PROJECT_VERSION = 1;
				DEVELOPMENT_TEAM = W59W3QVKXJ;
				GENERATE_INFOPLIST_FILE = YES;
				MARKETING_VERSION = 1.0;
				PRODUCT_BUNDLE_IDENTIFIER = com.sigmatech.TheDailyUITests;
				PRODUCT_NAME = "$(TARGET_NAME)";
				SWIFT_EMIT_LOC_STRINGS = NO;
				SWIFT_VERSION = 5.0;
				TARGETED_DEVICE_FAMILY = "1,2";
				TEST_TARGET_NAME = TheDaily;
			};
			name = Release;
		};
/* End XCBuildConfiguration section */

/* Begin XCConfigurationList section */
		BCBDFCC72859916400124B21 /* Build configuration list for PBXProject "TheDaily" */ = {
			isa = XCConfigurationList;
			buildConfigurations = (
				BCBDFCEE2859916500124B21 /* Debug */,
				BCBDFCEF2859916500124B21 /* Release */,
			);
			defaultConfigurationIsVisible = 0;
			defaultConfigurationName = Release;
		};
		BCBDFCF02859916500124B21 /* Build configuration list for PBXNativeTarget "TheDaily" */ = {
			isa = XCConfigurationList;
			buildConfigurations = (
				BCBDFCF12859916500124B21 /* Debug */,
				BCBDFCF22859916500124B21 /* Release */,
			);
			defaultConfigurationIsVisible = 0;
			defaultConfigurationName = Release;
		};
		BCBDFCF32859916500124B21 /* Build configuration list for PBXNativeTarget "TheDailyTests" */ = {
			isa = XCConfigurationList;
			buildConfigurations = (
				BCBDFCF42859916500124B21 /* Debug */,
				BCBDFCF52859916500124B21 /* Release */,
			);
			defaultConfigurationIsVisible = 0;
			defaultConfigurationName = Release;
		};
		BCBDFCF62859916500124B21 /* Build configuration list for PBXNativeTarget "TheDailyUITests" */ = {
			isa = XCConfigurationList;
			buildConfigurations = (
				BCBDFCF72859916500124B21 /* Debug */,
				BCBDFCF82859916500124B21 /* Release */,
			);
			defaultConfigurationIsVisible = 0;
			defaultConfigurationName = Release;
		};
/* End XCConfigurationList section */
	};
	rootObject = BCBDFCC42859916400124B21 /* Project object */;
}
